
Microsoft Visual Studio Solution File, Format Version 12.00
# Visual Studio 15
VisualStudioVersion = 15.0.28010.2048
MinimumVisualStudioVersion = 10.0.40219.1
Project("{FAE04EC0-301F-11D3-BF4B-00C04F79EFBC}") = "TicTacToeConsole", "TicTacToeConsole\TicTacToeConsole.csproj", "{4F0F67CC-4195-4757-A9AE-684867322EC1}"
EndProject
Global
	GlobalSection(SolutionConfigurationPlatforms) = preSolution
		Debug|Any CPU = Debug|Any CPU
		Release|Any CPU = Release|Any CPU
	EndGlobalSection
	GlobalSection(ProjectConfigurationPlatforms) = postSolution
		{4F0F67CC-4195-4757-A9AE-684867322EC1}.Debug|Any CPU.ActiveCfg = Debug|Any CPU
		{4F0F67CC-4195-4757-A9AE-684867322EC1}.Debug|Any CPU.Build.0 = Debug|Any CPU
		{4F0F67CC-4195-4757-A9AE-684867322EC1}.Release|Any CPU.ActiveCfg = Release|Any CPU
		{4F0F67CC-4195-4757-A9AE-684867322EC1}.Release|Any CPU.Build.0 = Release|Any CPU
	EndGlobalSection
	GlobalSection(SolutionProperties) = preSolution
		HideSolutionNode = FALSE
	EndGlobalSection
	GlobalSection(ExtensibilityGlobals) = postSolution
		SolutionGuid = {903E0371-A725-4F6A-86EE-15E24D1E9EE7}
	EndGlobalSection
EndGlobal
